
Microsoft Visual Studio Solution File, Format Version 12.00
# Visual Studio Version 17
VisualStudioVersion = 17.5.33516.290
MinimumVisualStudioVersion = 10.0.40219.1
Project("{9A19103F-16F7-4668-BE54-9A1E7A4F7556}") = "GenericRepository", "GenericRepository\GenericRepository.csproj", "{61F89127-6AC9-41CB-A559-F22ABF07BBE7}"
EndProject
Global
	GlobalSection(SolutionConfigurationPlatforms) = preSolution
		Debug|Any CPU = Debug|Any CPU
		Release|Any CPU = Release|Any CPU
	EndGlobalSection
	GlobalSection(ProjectConfigurationPlatforms) = postSolution
		{61F89127-6AC9-41CB-A559-F22ABF07BBE7}.Debug|Any CPU.ActiveCfg = Debug|Any CPU
		{61F89127-6AC9-41CB-A559-F22ABF07BBE7}.Debug|Any CPU.Build.0 = Debug|Any CPU
		{61F89127-6AC9-41CB-A559-F22ABF07BBE7}.Release|Any CPU.ActiveCfg = Release|Any CPU
		{61F89127-6AC9-41CB-A559-F22ABF07BBE7}.Release|Any CPU.Build.0 = Release|Any CPU
	EndGlobalSection
	GlobalSection(SolutionProperties) = preSolution
		HideSolutionNode = FALSE
	EndGlobalSection
	GlobalSection(ExtensibilityGlobals) = postSolution
		SolutionGuid = {17BF81B9-5B10-49B6-9557-37F71C166716}
	EndGlobalSection
EndGlobal
